// !$*UTF8*$!
{
	archiveVersion = 1;
	classes = {
	};
	objectVersion = 46;
	objects = {

/* Begin PBXBuildFile section */
		6427B2031CD63A16008C9E82 /* Bolts.framework in Frameworks */ = {isa = PBXBuildFile; fileRef = 6427B2011CD63A15008C9E82 /* Bolts.framework */; };
		6427B2041CD63A16008C9E82 /* Parse.framework in Frameworks */ = {isa = PBXBuildFile; fileRef = 6427B2021CD63A16008C9E82 /* Parse.framework */; };
		6427B2061CD63A28008C9E82 /* AudioToolbox.framework in Frameworks */ = {isa = PBXBuildFile; fileRef = 6427B2051CD63A28008C9E82 /* AudioToolbox.framework */; };
		6427B2081CD63A3B008C9E82 /* CFNetwork.framework in Frameworks */ = {isa = PBXBuildFile; fileRef = 6427B2071CD63A3B008C9E82 /* CFNetwork.framework */; };
		6427B20A1CD63A44008C9E82 /* CoreGraphics.framework in Frameworks */ = {isa = PBXBuildFile; fileRef = 6427B2091CD63A44008C9E82 /* CoreGraphics.framework */; };
		6427B20C1CD63A4D008C9E82 /* CoreLocation.framework in Frameworks */ = {isa = PBXBuildFile; fileRef = 6427B20B1CD63A4D008C9E82 /* CoreLocation.framework */; };
		6427B20E1CD63A55008C9E82 /* QuartzCore.framework in Frameworks */ = {isa = PBXBuildFile; fileRef = 6427B20D1CD63A55008C9E82 /* QuartzCore.framework */; };
		6427B2101CD63A5D008C9E82 /* Security.framework in Frameworks */ = {isa = PBXBuildFile; fileRef = 6427B20F1CD63A5D008C9E82 /* Security.framework */; };
		6427B2121CD63A64008C9E82 /* StoreKit.framework in Frameworks */ = {isa = PBXBuildFile; fileRef = 6427B2111CD63A64008C9E82 /* StoreKit.framework */; };
		6427B2141CD63A6A008C9E82 /* SystemConfiguration.framework in Frameworks */ = {isa = PBXBuildFile; fileRef = 6427B2131CD63A6A008C9E82 /* SystemConfiguration.framework */; };
		6427B2161CD63A70008C9E82 /* libz.tbd in Frameworks */ = {isa = PBXBuildFile; fileRef = 6427B2151CD63A70008C9E82 /* libz.tbd */; };
		6427B2181CD63A7A008C9E82 /* libsqlite3.tbd in Frameworks */ = {isa = PBXBuildFile; fileRef = 6427B2171CD63A7A008C9E82 /* libsqlite3.tbd */; };
		642EDEA41CCB9197005EC58D /* AvailableMovies.png in Resources */ = {isa = PBXBuildFile; fileRef = 642EDEA21CCB9197005EC58D /* AvailableMovies.png */; };
		642EDEA51CCB9197005EC58D /* ComingSoon.png in Resources */ = {isa = PBXBuildFile; fileRef = 642EDEA31CCB9197005EC58D /* ComingSoon.png */; };
		64614ABB1CDE04390021DF5E /* allegiant.jpg in Resources */ = {isa = PBXBuildFile; fileRef = 64614AB81CDE04390021DF5E /* allegiant.jpg */; };
		64614ABC1CDE04390021DF5E /* BVS.jpg in Resources */ = {isa = PBXBuildFile; fileRef = 64614AB91CDE04390021DF5E /* BVS.jpg */; };
		64614ABD1CDE04390021DF5E /* deadpool.jpg in Resources */ = {isa = PBXBuildFile; fileRef = 64614ABA1CDE04390021DF5E /* deadpool.jpg */; };
		646452BF1CE0F1C800A196D8 /* hangover.jpg in Resources */ = {isa = PBXBuildFile; fileRef = 646452BE1CE0F1C800A196D8 /* hangover.jpg */; };
		649FC7AC1CF9BBAE00EBC362 /* blurryImageForLoader.jpg in Resources */ = {isa = PBXBuildFile; fileRef = 649FC7AB1CF9BBAE00EBC362 /* blurryImageForLoader.jpg */; };
		649FC7AE1CF9C54500EBC362 /* movieDatabaseServices.swift in Sources */ = {isa = PBXBuildFile; fileRef = 649FC7AD1CF9C54500EBC362 /* movieDatabaseServices.swift */; };
		64DF375E1CEA55E00007B6FF /* imdbServices.swift in Sources */ = {isa = PBXBuildFile; fileRef = 64DF375D1CEA55E00007B6FF /* imdbServices.swift */; };
		64DF37601CEA5B5E0007B6FF /* parseServices.swift in Sources */ = {isa = PBXBuildFile; fileRef = 64DF375F1CEA5B5E0007B6FF /* parseServices.swift */; };
		64DF37621CEA5E700007B6FF /* commonServices.swift in Sources */ = {isa = PBXBuildFile; fileRef = 64DF37611CEA5E700007B6FF /* commonServices.swift */; };
		64EBE84B1CC3BD91007C4210 /* AppDelegate.swift in Sources */ = {isa = PBXBuildFile; fileRef = 64EBE84A1CC3BD91007C4210 /* AppDelegate.swift */; };
		64EBE84D1CC3BD91007C4210 /* ViewController.swift in Sources */ = {isa = PBXBuildFile; fileRef = 64EBE84C1CC3BD91007C4210 /* ViewController.swift */; };
		64EBE8501CC3BD91007C4210 /* Main.storyboard in Resources */ = {isa = PBXBuildFile; fileRef = 64EBE84E1CC3BD91007C4210 /* Main.storyboard */; };
		64EBE8531CC3BD91007C4210 /* Cine_zApp.xcdatamodeld in Sources */ = {isa = PBXBuildFile; fileRef = 64EBE8511CC3BD91007C4210 /* Cine_zApp.xcdatamodeld */; };
		64EBE8551CC3BD91007C4210 /* Assets.xcassets in Resources */ = {isa = PBXBuildFile; fileRef = 64EBE8541CC3BD91007C4210 /* Assets.xcassets */; };
		64EBE8581CC3BD91007C4210 /* LaunchScreen.storyboard in Resources */ = {isa = PBXBuildFile; fileRef = 64EBE8561CC3BD91007C4210 /* LaunchScreen.storyboard */; };
/* End PBXBuildFile section */

/* Begin PBXFileReference section */
		6427B2011CD63A15008C9E82 /* Bolts.framework */ = {isa = PBXFileReference; lastKnownFileType = wrapper.framework; path = Bolts.framework; sourceTree = "<group>"; };
		6427B2021CD63A16008C9E82 /* Parse.framework */ = {isa = PBXFileReference; lastKnownFileType = wrapper.framework; path = Parse.framework; sourceTree = "<group>"; };
		6427B2051CD63A28008C9E82 /* AudioToolbox.framework */ = {isa = PBXFileReference; lastKnownFileType = wrapper.framework; name = AudioToolbox.framework; path = System/Library/Frameworks/AudioToolbox.framework; sourceTree = SDKROOT; };
		6427B2071CD63A3B008C9E82 /* CFNetwork.framework */ = {isa = PBXFileReference; lastKnownFileType = wrapper.framework; name = CFNetwork.framework; path = System/Library/Frameworks/CFNetwork.framework; sourceTree = SDKROOT; };
		6427B2091CD63A44008C9E82 /* CoreGraphics.framework */ = {isa = PBXFileReference; lastKnownFileType = wrapper.framework; name = CoreGraphics.framework; path = System/Library/Frameworks/CoreGraphics.framework; sourceTree = SDKROOT; };
		6427B20B1CD63A4D008C9E82 /* CoreLocation.framework */ = {isa = PBXFileReference; lastKnownFileType = wrapper.framework; name = CoreLocation.framework; path = System/Library/Frameworks/CoreLocation.framework; sourceTree = SDKROOT; };
		6427B20D1CD63A55008C9E82 /* QuartzCore.framework */ = {isa = PBXFileReference; lastKnownFileType = wrapper.framework; name = QuartzCore.framework; path = System/Library/Frameworks/QuartzCore.framework; sourceTree = SDKROOT; };
		6427B20F1CD63A5D008C9E82 /* Security.framework */ = {isa = PBXFileReference; lastKnownFileType = wrapper.framework; name = Security.framework; path = System/Library/Frameworks/Security.framework; sourceTree = SDKROOT; };
		6427B2111CD63A64008C9E82 /* StoreKit.framework */ = {isa = PBXFileReference; lastKnownFileType = wrapper.framework; name = StoreKit.framework; path = System/Library/Frameworks/StoreKit.framework; sourceTree = SDKROOT; };
		6427B2131CD63A6A008C9E82 /* SystemConfiguration.framework */ = {isa = PBXFileReference; lastKnownFileType = wrapper.framework; name = SystemConfiguration.framework; path = System/Library/Frameworks/SystemConfiguration.framework; sourceTree = SDKROOT; };
		6427B2151CD63A70008C9E82 /* libz.tbd */ = {isa = PBXFileReference; lastKnownFileType = "sourcecode.text-based-dylib-definition"; name = libz.tbd; path = usr/lib/libz.tbd; sourceTree = SDKROOT; };
		6427B2171CD63A7A008C9E82 /* libsqlite3.tbd */ = {isa = PBXFileReference; lastKnownFileType = "sourcecode.text-based-dylib-definition"; name = libsqlite3.tbd; path = usr/lib/libsqlite3.tbd; sourceTree = SDKROOT; };
		642EDEA21CCB9197005EC58D /* AvailableMovies.png */ = {isa = PBXFileReference; lastKnownFileType = image.png; path = AvailableMovies.png; sourceTree = "<group>"; };
		642EDEA31CCB9197005EC58D /* ComingSoon.png */ = {isa = PBXFileReference; lastKnownFileType = image.png; path = ComingSoon.png; sourceTree = "<group>"; };
		64614AB81CDE04390021DF5E /* allegiant.jpg */ = {isa = PBXFileReference; lastKnownFileType = image.jpeg; name = allegiant.jpg; path = ../allegiant.jpg; sourceTree = "<group>"; };
		64614AB91CDE04390021DF5E /* BVS.jpg */ = {isa = PBXFileReference; lastKnownFileType = image.jpeg; name = BVS.jpg; path = ../BVS.jpg; sourceTree = "<group>"; };
		64614ABA1CDE04390021DF5E /* deadpool.jpg */ = {isa = PBXFileReference; lastKnownFileType = image.jpeg; name = deadpool.jpg; path = ../deadpool.jpg; sourceTree = "<group>"; };
		646452BE1CE0F1C800A196D8 /* hangover.jpg */ = {isa = PBXFileReference; lastKnownFileType = image.jpeg; path = hangover.jpg; sourceTree = "<group>"; };
		649FC7AB1CF9BBAE00EBC362 /* blurryImageForLoader.jpg */ = {isa = PBXFileReference; lastKnownFileType = image.jpeg; name = blurryImageForLoader.jpg; path = ../../../../blurryImageForLoader.jpg; sourceTree = "<group>"; };
		649FC7AD1CF9C54500EBC362 /* movieDatabaseServices.swift */ = {isa = PBXFileReference; fileEncoding = 4; lastKnownFileType = sourcecode.swift; path = movieDatabaseServices.swift; sourceTree = "<group>"; };
		64DF375D1CEA55E00007B6FF /* imdbServices.swift */ = {isa = PBXFileReference; fileEncoding = 4; lastKnownFileType = sourcecode.swift; name = imdbServices.swift; path = ../imdbServices.swift; sourceTree = "<group>"; };
		64DF375F1CEA5B5E0007B6FF /* parseServices.swift */ = {isa = PBXFileReference; fileEncoding = 4; lastKnownFileType = sourcecode.swift; path = parseServices.swift; sourceTree = "<group>"; };
		64DF37611CEA5E700007B6FF /* commonServices.swift */ = {isa = PBXFileReference; fileEncoding = 4; lastKnownFileType = sourcecode.swift; path = commonServices.swift; sourceTree = "<group>"; };
		64EBE8471CC3BD91007C4210 /* Cine zApp.app */ = {isa = PBXFileReference; explicitFileType = wrapper.application; includeInIndex = 0; path = "Cine zApp.app"; sourceTree = BUILT_PRODUCTS_DIR; };
		64EBE84A1CC3BD91007C4210 /* AppDelegate.swift */ = {isa = PBXFileReference; lastKnownFileType = sourcecode.swift; path = AppDelegate.swift; sourceTree = "<group>"; };
		64EBE84C1CC3BD91007C4210 /* ViewController.swift */ = {isa = PBXFileReference; lastKnownFileType = sourcecode.swift; path = ViewController.swift; sourceTree = "<group>"; };
		64EBE84F1CC3BD91007C4210 /* Base */ = {isa = PBXFileReference; lastKnownFileType = file.storyboard; name = Base; path = Base.lproj/Main.storyboard; sourceTree = "<group>"; };
		64EBE8521CC3BD91007C4210 /* Cine_zApp.xcdatamodel */ = {isa = PBXFileReference; lastKnownFileType = wrapper.xcdatamodel; path = Cine_zApp.xcdatamodel; sourceTree = "<group>"; };
		64EBE8541CC3BD91007C4210 /* Assets.xcassets */ = {isa = PBXFileReference; lastKnownFileType = folder.assetcatalog; path = Assets.xcassets; sourceTree = "<group>"; };
		64EBE8571CC3BD91007C4210 /* Base */ = {isa = PBXFileReference; lastKnownFileType = file.storyboard; name = Base; path = Base.lproj/LaunchScreen.storyboard; sourceTree = "<group>"; };
		64EBE8591CC3BD91007C4210 /* Info.plist */ = {isa = PBXFileReference; lastKnownFileType = text.plist.xml; path = Info.plist; sourceTree = "<group>"; };
/* End PBXFileReference section */

/* Begin PBXFrameworksBuildPhase section */
		64EBE8441CC3BD91007C4210 /* Frameworks */ = {
			isa = PBXFrameworksBuildPhase;
			buildActionMask = 2147483647;
			files = (
				6427B2181CD63A7A008C9E82 /* libsqlite3.tbd in Frameworks */,
				6427B2161CD63A70008C9E82 /* libz.tbd in Frameworks */,
				6427B2141CD63A6A008C9E82 /* SystemConfiguration.framework in Frameworks */,
				6427B2121CD63A64008C9E82 /* StoreKit.framework in Frameworks */,
				6427B2101CD63A5D008C9E82 /* Security.framework in Frameworks */,
				6427B20E1CD63A55008C9E82 /* QuartzCore.framework in Frameworks */,
				6427B20C1CD63A4D008C9E82 /* CoreLocation.framework in Frameworks */,
				6427B20A1CD63A44008C9E82 /* CoreGraphics.framework in Frameworks */,
				6427B2081CD63A3B008C9E82 /* CFNetwork.framework in Frameworks */,
				6427B2061CD63A28008C9E82 /* AudioToolbox.framework in Frameworks */,
				6427B2041CD63A16008C9E82 /* Parse.framework in Frameworks */,
				6427B2031CD63A16008C9E82 /* Bolts.framework in Frameworks */,
			);
			runOnlyForDeploymentPostprocessing = 0;
		};
/* End PBXFrameworksBuildPhase section */

/* Begin PBXGroup section */
		64EBE83E1CC3BD91007C4210 = {
			isa = PBXGroup;
			children = (
				6427B2171CD63A7A008C9E82 /* libsqlite3.tbd */,
				6427B2151CD63A70008C9E82 /* libz.tbd */,
				6427B2131CD63A6A008C9E82 /* SystemConfiguration.framework */,
				6427B2111CD63A64008C9E82 /* StoreKit.framework */,
				6427B20F1CD63A5D008C9E82 /* Security.framework */,
				6427B20D1CD63A55008C9E82 /* QuartzCore.framework */,
				6427B20B1CD63A4D008C9E82 /* CoreLocation.framework */,
				6427B2091CD63A44008C9E82 /* CoreGraphics.framework */,
				6427B2071CD63A3B008C9E82 /* CFNetwork.framework */,
				6427B2051CD63A28008C9E82 /* AudioToolbox.framework */,
				6427B2011CD63A15008C9E82 /* Bolts.framework */,
				6427B2021CD63A16008C9E82 /* Parse.framework */,
				64EBE8491CC3BD91007C4210 /* Cine zApp */,
				64EBE8481CC3BD91007C4210 /* Products */,
			);
			sourceTree = "<group>";
		};
		64EBE8481CC3BD91007C4210 /* Products */ = {
			isa = PBXGroup;
			children = (
				64EBE8471CC3BD91007C4210 /* Cine zApp.app */,
			);
			name = Products;
			sourceTree = "<group>";
		};
		64EBE8491CC3BD91007C4210 /* Cine zApp */ = {
			isa = PBXGroup;
			children = (
				642EDEA21CCB9197005EC58D /* AvailableMovies.png */,
				649FC7AB1CF9BBAE00EBC362 /* blurryImageForLoader.jpg */,
				642EDEA31CCB9197005EC58D /* ComingSoon.png */,
				64614AB81CDE04390021DF5E /* allegiant.jpg */,
				64614AB91CDE04390021DF5E /* BVS.jpg */,
				64614ABA1CDE04390021DF5E /* deadpool.jpg */,
				646452BE1CE0F1C800A196D8 /* hangover.jpg */,
				64DF375D1CEA55E00007B6FF /* imdbServices.swift */,
				64DF37611CEA5E700007B6FF /* commonServices.swift */,
				649FC7AD1CF9C54500EBC362 /* movieDatabaseServices.swift */,
				64DF375F1CEA5B5E0007B6FF /* parseServices.swift */,
				64EBE84A1CC3BD91007C4210 /* AppDelegate.swift */,
				64EBE84C1CC3BD91007C4210 /* ViewController.swift */,
				64EBE84E1CC3BD91007C4210 /* Main.storyboard */,
				64EBE8541CC3BD91007C4210 /* Assets.xcassets */,
				64EBE8561CC3BD91007C4210 /* LaunchScreen.storyboard */,
				64EBE8591CC3BD91007C4210 /* Info.plist */,
				64EBE8511CC3BD91007C4210 /* Cine_zApp.xcdatamodeld */,
			);
			path = "Cine zApp";
			sourceTree = "<group>";
		};
/* End PBXGroup section */

/* Begin PBXNativeTarget section */
		64EBE8461CC3BD91007C4210 /* Cine zApp */ = {
			isa = PBXNativeTarget;
			buildConfigurationList = 64EBE85C1CC3BD91007C4210 /* Build configuration list for PBXNativeTarget "Cine zApp" */;
			buildPhases = (
				64EBE8431CC3BD91007C4210 /* Sources */,
				64EBE8441CC3BD91007C4210 /* Frameworks */,
				64EBE8451CC3BD91007C4210 /* Resources */,
			);
			buildRules = (
			);
			dependencies = (
			);
			name = "Cine zApp";
			productName = "Cine zApp";
			productReference = 64EBE8471CC3BD91007C4210 /* Cine zApp.app */;
			productType = "com.apple.product-type.application";
		};
/* End PBXNativeTarget section */

/* Begin PBXProject section */
		64EBE83F1CC3BD91007C4210 /* Project object */ = {
			isa = PBXProject;
			attributes = {
				LastSwiftUpdateCheck = 0730;
				LastUpgradeCheck = 0730;
				ORGANIZATIONNAME = "Edgard Jammal";
				TargetAttributes = {
					64EBE8461CC3BD91007C4210 = {
						CreatedOnToolsVersion = 7.3;
					};
				};
			};
			buildConfigurationList = 64EBE8421CC3BD91007C4210 /* Build configuration list for PBXProject "Cine zApp" */;
			compatibilityVersion = "Xcode 3.2";
			developmentRegion = English;
			hasScannedForEncodings = 0;
			knownRegions = (
				en,
				Base,
			);
			mainGroup = 64EBE83E1CC3BD91007C4210;
			productRefGroup = 64EBE8481CC3BD91007C4210 /* Products */;
			projectDirPath = "";
			projectRoot = "";
			targets = (
				64EBE8461CC3BD91007C4210 /* Cine zApp */,
			);
		};
/* End PBXProject section */

/* Begin PBXResourcesBuildPhase section */
		64EBE8451CC3BD91007C4210 /* Resources */ = {
			isa = PBXResourcesBuildPhase;
			buildActionMask = 2147483647;
			files = (
				64EBE8581CC3BD91007C4210 /* LaunchScreen.storyboard in Resources */,
				64614ABC1CDE04390021DF5E /* BVS.jpg in Resources */,
				642EDEA41CCB9197005EC58D /* AvailableMovies.png in Resources */,
				64614ABD1CDE04390021DF5E /* deadpool.jpg in Resources */,
				649FC7AC1CF9BBAE00EBC362 /* blurryImageForLoader.jpg in Resources */,
				64EBE8551CC3BD91007C4210 /* Assets.xcassets in Resources */,
				646452BF1CE0F1C800A196D8 /* hangover.jpg in Resources */,
				64614ABB1CDE04390021DF5E /* allegiant.jpg in Resources */,
				642EDEA51CCB9197005EC58D /* ComingSoon.png in Resources */,
				64EBE8501CC3BD91007C4210 /* Main.storyboard in Resources */,
			);
			runOnlyForDeploymentPostprocessing = 0;
		};
/* End PBXResourcesBuildPhase section */

/* Begin PBXSourcesBuildPhase section */
		64EBE8431CC3BD91007C4210 /* Sources */ = {
			isa = PBXSourcesBuildPhase;
			buildActionMask = 2147483647;
			files = (
				649FC7AE1CF9C54500EBC362 /* movieDatabaseServices.swift in Sources */,
				64DF37601CEA5B5E0007B6FF /* parseServices.swift in Sources */,
				64EBE8531CC3BD91007C4210 /* Cine_zApp.xcdatamodeld in Sources */,
				64DF37621CEA5E700007B6FF /* commonServices.swift in Sources */,
				64DF375E1CEA55E00007B6FF /* imdbServices.swift in Sources */,
				64EBE84D1CC3BD91007C4210 /* ViewController.swift in Sources */,
				64EBE84B1CC3BD91007C4210 /* AppDelegate.swift in Sources */,
			);
			runOnlyForDeploymentPostprocessing = 0;
		};
/* End PBXSourcesBuildPhase section */

/* Begin PBXVariantGroup section */
		64EBE84E1CC3BD91007C4210 /* Main.storyboard */ = {
			isa = PBXVariantGroup;
			children = (
				64EBE84F1CC3BD91007C4210 /* Base */,
			);
			name = Main.storyboard;
			sourceTree = "<group>";
		};
		64EBE8561CC3BD91007C4210 /* LaunchScreen.storyboard */ = {
			isa = PBXVariantGroup;
			children = (
				64EBE8571CC3BD91007C4210 /* Base */,
			);
			name = LaunchScreen.storyboard;
			sourceTree = "<group>";
		};
/* End PBXVariantGroup section */

/* Begin XCBuildConfiguration section */
		64EBE85A1CC3BD91007C4210 /* Debug */ = {
			isa = XCBuildConfiguration;
			buildSettings = {
				ALWAYS_SEARCH_USER_PATHS = NO;
				CLANG_ANALYZER_NONNULL = YES;
				CLANG_CXX_LANGUAGE_STANDARD = "gnu++0x";
				CLANG_CXX_LIBRARY = "libc++";
				CLANG_ENABLE_MODULES = YES;
				CLANG_ENABLE_OBJC_ARC = YES;
				CLANG_WARN_BOOL_CONVERSION = YES;
				CLANG_WARN_CONSTANT_CONVERSION = YES;
				CLANG_WARN_DIRECT_OBJC_ISA_USAGE = YES_ERROR;
				CLANG_WARN_EMPTY_BODY = YES;
				CLANG_WARN_ENUM_CONVERSION = YES;
				CLANG_WARN_INT_CONVERSION = YES;
				CLANG_WARN_OBJC_ROOT_CLASS = YES_ERROR;
				CLANG_WARN_UNREACHABLE_CODE = YES;
				CLANG_WARN__DUPLICATE_METHOD_MATCH = YES;
				"CODE_SIGN_IDENTITY[sdk=iphoneos*]" = "iPhone Developer";
				COPY_PHASE_STRIP = NO;
				DEBUG_INFORMATION_FORMAT = dwarf;
				ENABLE_STRICT_OBJC_MSGSEND = YES;
				ENABLE_TESTABILITY = YES;
				GCC_C_LANGUAGE_STANDARD = gnu99;
				GCC_DYNAMIC_NO_PIC = NO;
				GCC_NO_COMMON_BLOCKS = YES;
				GCC_OPTIMIZATION_LEVEL = 0;
				GCC_PREPROCESSOR_DEFINITIONS = (
					"DEBUG=1",
					"$(inherited)",
				);
				GCC_WARN_64_TO_32_BIT_CONVERSION = YES;
				GCC_WARN_ABOUT_RETURN_TYPE = YES_ERROR;
				GCC_WARN_UNDECLARED_SELECTOR = YES;
				GCC_WARN_UNINITIALIZED_AUTOS = YES_AGGRESSIVE;
				GCC_WARN_UNUSED_FUNCTION = YES;
				GCC_WARN_UNUSED_VARIABLE = YES;
				IPHONEOS_DEPLOYMENT_TARGET = 9.3;
				MTL_ENABLE_DEBUG_INFO = YES;
				ONLY_ACTIVE_ARCH = YES;
				SDKROOT = iphoneos;
				SWIFT_OPTIMIZATION_LEVEL = "-Onone";
			};
			name = Debug;
		};
		64EBE85B1CC3BD91007C4210 /* Release */ = {
			isa = XCBuildConfiguration;
			buildSettings = {
				ALWAYS_SEARCH_USER_PATHS = NO;
				CLANG_ANALYZER_NONNULL = YES;
				CLANG_CXX_LANGUAGE_STANDARD = "gnu++0x";
				CLANG_CXX_LIBRARY = "libc++";
				CLANG_ENABLE_MODULES = YES;
				CLANG_ENABLE_OBJC_ARC = YES;
				CLANG_WARN_BOOL_CONVERSION = YES;
				CLANG_WARN_CONSTANT_CONVERSION = YES;
				CLANG_WARN_DIRECT_OBJC_ISA_USAGE = YES_ERROR;
				CLANG_WARN_EMPTY_BODY = YES;
				CLANG_WARN_ENUM_CONVERSION = YES;
				CLANG_WARN_INT_CONVERSION = YES;
				CLANG_WARN_OBJC_ROOT_CLASS = YES_ERROR;
				CLANG_WARN_UNREACHABLE_CODE = YES;
				CLANG_WARN__DUPLICATE_METHOD_MATCH = YES;
				"CODE_SIGN_IDENTITY[sdk=iphoneos*]" = "iPhone Developer";
				COPY_PHASE_STRIP = NO;
				DEBUG_INFORMATION_FORMAT = "dwarf-with-dsym";
				ENABLE_NS_ASSERTIONS = NO;
				ENABLE_STRICT_OBJC_MSGSEND = YES;
				GCC_C_LANGUAGE_STANDARD = gnu99;
				GCC_NO_COMMON_BLOCKS = YES;
				GCC_WARN_64_TO_32_BIT_CONVERSION = YES;
				GCC_WARN_ABOUT_RETURN_TYPE = YES_ERROR;
				GCC_WARN_UNDECLARED_SELECTOR = YES;
				GCC_WARN_UNINITIALIZED_AUTOS = YES_AGGRESSIVE;
				GCC_WARN_UNUSED_FUNCTION = YES;
				GCC_WARN_UNUSED_VARIABLE = YES;
				IPHONEOS_DEPLOYMENT_TARGET = 9.3;
				MTL_ENABLE_DEBUG_INFO = NO;
				SDKROOT = iphoneos;
				VALIDATE_PRODUCT = YES;
			};
			name = Release;
		};
		64EBE85D1CC3BD91007C4210 /* Debug */ = {
			isa = XCBuildConfiguration;
			buildSettings = {
				ASSETCATALOG_COMPILER_APPICON_NAME = "AppIcon-1";
				FRAMEWORK_SEARCH_PATHS = (
					"$(inherited)",
					"$(PROJECT_DIR)",
				);
				INFOPLIST_FILE = "Cine zApp/Info.plist";
				LD_RUNPATH_SEARCH_PATHS = "$(inherited) @executable_path/Frameworks";
				PRODUCT_BUNDLE_IDENTIFIER = "Edgard-Jammal.Cine-zApp";
				PRODUCT_NAME = "$(TARGET_NAME)";
				TARGETED_DEVICE_FAMILY = "1,2";
			};
			name = Debug;
		};
		64EBE85E1CC3BD91007C4210 /* Release */ = {
			isa = XCBuildConfiguration;
			buildSettings = {
				ASSETCATALOG_COMPILER_APPICON_NAME = "AppIcon-1";
				FRAMEWORK_SEARCH_PATHS = (
					"$(inherited)",
					"$(PROJECT_DIR)",
				);
				INFOPLIST_FILE = "Cine zApp/Info.plist";
				LD_RUNPATH_SEARCH_PATHS = "$(inherited) @executable_path/Frameworks";
				PRODUCT_BUNDLE_IDENTIFIER = "Edgard-Jammal.Cine-zApp";
				PRODUCT_NAME = "$(TARGET_NAME)";
				TARGETED_DEVICE_FAMILY = "1,2";
			};
			name = Release;
		};
/* End XCBuildConfiguration section */

/* Begin XCConfigurationList section */
		64EBE8421CC3BD91007C4210 /* Build configuration list for PBXProject "Cine zApp" */ = {
			isa = XCConfigurationList;
			buildConfigurations = (
				64EBE85A1CC3BD91007C4210 /* Debug */,
				64EBE85B1CC3BD91007C4210 /* Release */,
			);
			defaultConfigurationIsVisible = 0;
			defaultConfigurationName = Release;
		};
		64EBE85C1CC3BD91007C4210 /* Build configuration list for PBXNativeTarget "Cine zApp" */ = {
			isa = XCConfigurationList;
			buildConfigurations = (
				64EBE85D1CC3BD91007C4210 /* Debug */,
				64EBE85E1CC3BD91007C4210 /* Release */,
			);
			defaultConfigurationIsVisible = 0;
			defaultConfigurationName = Release;
		};
/* End XCConfigurationList section */

/* Begin XCVersionGroup section */
		64EBE8511CC3BD91007C4210 /* Cine_zApp.xcdatamodeld */ = {
			isa = XCVersionGroup;
			children = (
				64EBE8521CC3BD91007C4210 /* Cine_zApp.xcdatamodel */,
			);
			currentVersion = 64EBE8521CC3BD91007C4210 /* Cine_zApp.xcdatamodel */;
			path = Cine_zApp.xcdatamodeld;
			sourceTree = "<group>";
			versionGroupType = wrapper.xcdatamodel;
		};
/* End XCVersionGroup section */
	};
	rootObject = 64EBE83F1CC3BD91007C4210 /* Project object */;
}
