// !$*UTF8*$!
{
	archiveVersion = 1;
	classes = {
	};
	objectVersion = 46;
	objects = {

/* Begin PBXBuildFile section */
		64EBE84B1CC3BD91007C4210 /* AppDelegate.swift in Sources */ = {isa = PBXBuildFile; fileRef = 64EBE84A1CC3BD91007C4210 /* AppDelegate.swift */; };
		64EBE84D1CC3BD91007C4210 /* ViewController.swift in Sources */ = {isa = PBXBuildFile; fileRef = 64EBE84C1CC3BD91007C4210 /* ViewController.swift */; };
		64EBE8501CC3BD91007C4210 /* Main.storyboard in Resources */ = {isa = PBXBuildFile; fileRef = 64EBE84E1CC3BD91007C4210 /* Main.storyboard */; };
		64EBE8531CC3BD91007C4210 /* Cine_zApp.xcdatamodeld in Sources */ = {isa = PBXBuildFile; fileRef = 64EBE8511CC3BD91007C4210 /* Cine_zApp.xcdatamodeld */; };
		64EBE8551CC3BD91007C4210 /* Assets.xcassets in Resources */ = {isa = PBXBuildFile; fileRef = 64EBE8541CC3BD91007C4210 /* Assets.xcassets */; };
		64EBE8581CC3BD91007C4210 /* LaunchScreen.storyboard in Resources */ = {isa = PBXBuildFile; fileRef = 64EBE8561CC3BD91007C4210 /* LaunchScreen.storyboard */; };
/* End PBXBuildFile section */

/* Begin PBXFileReference section */
		64EBE8471CC3BD91007C4210 /* Cine zApp.app */ = {isa = PBXFileReference; explicitFileType = wrapper.application; includeInIndex = 0; path = "Cine zApp.app"; sourceTree = BUILT_PRODUCTS_DIR; };
		64EBE84A1CC3BD91007C4210 /* AppDelegate.swift */ = {isa = PBXFileReference; lastKnownFileType = sourcecode.swift; path = AppDelegate.swift; sourceTree = "<group>"; };
		64EBE84C1CC3BD91007C4210 /* ViewController.swift */ = {isa = PBXFileReference; lastKnownFileType = sourcecode.swift; path = ViewController.swift; sourceTree = "<group>"; };
		64EBE84F1CC3BD91007C4210 /* Base */ = {isa = PBXFileReference; lastKnownFileType = file.storyboard; name = Base; path = Base.lproj/Main.storyboard; sourceTree = "<group>"; };
		64EBE8521CC3BD91007C4210 /* Cine_zApp.xcdatamodel */ = {isa = PBXFileReference; lastKnownFileType = wrapper.xcdatamodel; path = Cine_zApp.xcdatamodel; sourceTree = "<group>"; };
		64EBE8541CC3BD91007C4210 /* Assets.xcassets */ = {isa = PBXFileReference; lastKnownFileType = folder.assetcatalog; path = Assets.xcassets; sourceTree = "<group>"; };
		64EBE8571CC3BD91007C4210 /* Base */ = {isa = PBXFileReference; lastKnownFileType = file.storyboard; name = Base; path = Base.lproj/LaunchScreen.storyboard; sourceTree = "<group>"; };
		64EBE8591CC3BD91007C4210 /* Info.plist */ = {isa = PBXFileReference; lastKnownFileType = text.plist.xml; path = Info.plist; sourceTree = "<group>"; };
/* End PBXFileReference section */

/* Begin PBXFrameworksBuildPhase section */
		64EBE8441CC3BD91007C4210 /* Frameworks */ = {
			isa = PBXFrameworksBuildPhase;
			buildActionMask = 2147483647;
			files = (
			);
			runOnlyForDeploymentPostprocessing = 0;
		};
/* End PBXFrameworksBuildPhase section */

/* Begin PBXGroup section */
		64EBE83E1CC3BD91007C4210 = {
			isa = PBXGroup;
			children = (
				64EBE8491CC3BD91007C4210 /* Cine zApp */,
				64EBE8481CC3BD91007C4210 /* Products */,
			);
			sourceTree = "<group>";
		};
		64EBE8481CC3BD91007C4210 /* Products */ = {
			isa = PBXGroup;
			children = (
				64EBE8471CC3BD91007C4210 /* Cine zApp.app */,
			);
			name = Products;
			sourceTree = "<group>";
		};
		64EBE8491CC3BD91007C4210 /* Cine zApp */ = {
			isa = PBXGroup;
			children = (
				64EBE84A1CC3BD91007C4210 /* AppDelegate.swift */,
				64EBE84C1CC3BD91007C4210 /* ViewController.swift */,
				64EBE84E1CC3BD91007C4210 /* Main.storyboard */,
				64EBE8541CC3BD91007C4210 /* Assets.xcassets */,
				64EBE8561CC3BD91007C4210 /* LaunchScreen.storyboard */,
				64EBE8591CC3BD91007C4210 /* Info.plist */,
				64EBE8511CC3BD91007C4210 /* Cine_zApp.xcdatamodeld */,
			);
			path = "Cine zApp";
			sourceTree = "<group>";
		};
/* End PBXGroup section */

/* Begin PBXNativeTarget section */
		64EBE8461CC3BD91007C4210 /* Cine zApp */ = {
			isa = PBXNativeTarget;
			buildConfigurationList = 64EBE85C1CC3BD91007C4210 /* Build configuration list for PBXNativeTarget "Cine zApp" */;
			buildPhases = (
				64EBE8431CC3BD91007C4210 /* Sources */,
				64EBE8441CC3BD91007C4210 /* Frameworks */,
				64EBE8451CC3BD91007C4210 /* Resources */,
			);
			buildRules = (
			);
			dependencies = (
			);
			name = "Cine zApp";
			productName = "Cine zApp";
			productReference = 64EBE8471CC3BD91007C4210 /* Cine zApp.app */;
			productType = "com.apple.product-type.application";
		};
/* End PBXNativeTarget section */

/* Begin PBXProject section */
		64EBE83F1CC3BD91007C4210 /* Project object */ = {
			isa = PBXProject;
			attributes = {
				LastSwiftUpdateCheck = 0730;
				LastUpgradeCheck = 0730;
				ORGANIZATIONNAME = "Edgard Jammal";
				TargetAttributes = {
					64EBE8461CC3BD91007C4210 = {
						CreatedOnToolsVersion = 7.3;
					};
				};
			};
			buildConfigurationList = 64EBE8421CC3BD91007C4210 /* Build configuration list for PBXProject "Cine zApp" */;
			compatibilityVersion = "Xcode 3.2";
			developmentRegion = English;
			hasScannedForEncodings = 0;
			knownRegions = (
				en,
				Base,
			);
			mainGroup = 64EBE83E1CC3BD91007C4210;
			productRefGroup = 64EBE8481CC3BD91007C4210 /* Products */;
			projectDirPath = "";
			projectRoot = "";
			targets = (
				64EBE8461CC3BD91007C4210 /* Cine zApp */,
			);
		};
/* End PBXProject section */

/* Begin PBXResourcesBuildPhase section */
		64EBE8451CC3BD91007C4210 /* Resources */ = {
			isa = PBXResourcesBuildPhase;
			buildActionMask = 2147483647;
			files = (
				64EBE8581CC3BD91007C4210 /* LaunchScreen.storyboard in Resources */,
				64EBE8551CC3BD91007C4210 /* Assets.xcassets in Resources */,
				64EBE8501CC3BD91007C4210 /* Main.storyboard in Resources */,
			);
			runOnlyForDeploymentPostprocessing = 0;
		};
/* End PBXResourcesBuildPhase section */

/* Begin PBXSourcesBuildPhase section */
		64EBE8431CC3BD91007C4210 /* Sources */ = {
			isa = PBXSourcesBuildPhase;
			buildActionMask = 2147483647;
			files = (
				64EBE8531CC3BD91007C4210 /* Cine_zApp.xcdatamodeld in Sources */,
				64EBE84D1CC3BD91007C4210 /* ViewController.swift in Sources */,
				64EBE84B1CC3BD91007C4210 /* AppDelegate.swift in Sources */,
			);
			runOnlyForDeploymentPostprocessing = 0;
		};
/* End PBXSourcesBuildPhase section */

/* Begin PBXVariantGroup section */
		64EBE84E1CC3BD91007C4210 /* Main.storyboard */ = {
			isa = PBXVariantGroup;
			children = (
				64EBE84F1CC3BD91007C4210 /* Base */,
			);
			name = Main.storyboard;
			sourceTree = "<group>";
		};
		64EBE8561CC3BD91007C4210 /* LaunchScreen.storyboard */ = {
			isa = PBXVariantGroup;
			children = (
				64EBE8571CC3BD91007C4210 /* Base */,
			);
			name = LaunchScreen.storyboard;
			sourceTree = "<group>";
		};
/* End PBXVariantGroup section */

/* Begin XCBuildConfiguration section */
		64EBE85A1CC3BD91007C4210 /* Debug */ = {
			isa = XCBuildConfiguration;
			buildSettings = {
				ALWAYS_SEARCH_USER_PATHS = NO;
				CLANG_ANALYZER_NONNULL = YES;
				CLANG_CXX_LANGUAGE_STANDARD = "gnu++0x";
				CLANG_CXX_LIBRARY = "libc++";
				CLANG_ENABLE_MODULES = YES;
				CLANG_ENABLE_OBJC_ARC = YES;
				CLANG_WARN_BOOL_CONVERSION = YES;
				CLANG_WARN_CONSTANT_CONVERSION = YES;
				CLANG_WARN_DIRECT_OBJC_ISA_USAGE = YES_ERROR;
				CLANG_WARN_EMPTY_BODY = YES;
				CLANG_WARN_ENUM_CONVERSION = YES;
				CLANG_WARN_INT_CONVERSION = YES;
				CLANG_WARN_OBJC_ROOT_CLASS = YES_ERROR;
				CLANG_WARN_UNREACHABLE_CODE = YES;
				CLANG_WARN__DUPLICATE_METHOD_MATCH = YES;
				"CODE_SIGN_IDENTITY[sdk=iphoneos*]" = "iPhone Developer";
				COPY_PHASE_STRIP = NO;
				DEBUG_INFORMATION_FORMAT = dwarf;
				ENABLE_STRICT_OBJC_MSGSEND = YES;
				ENABLE_TESTABILITY = YES;
				GCC_C_LANGUAGE_STANDARD = gnu99;
				GCC_DYNAMIC_NO_PIC = NO;
				GCC_NO_COMMON_BLOCKS = YES;
				GCC_OPTIMIZATION_LEVEL = 0;
				GCC_PREPROCESSOR_DEFINITIONS = (
					"DEBUG=1",
					"$(inherited)",
				);
				GCC_WARN_64_TO_32_BIT_CONVERSION = YES;
				GCC_WARN_ABOUT_RETURN_TYPE = YES_ERROR;
				GCC_WARN_UNDECLARED_SELECTOR = YES;
				GCC_WARN_UNINITIALIZED_AUTOS = YES_AGGRESSIVE;
				GCC_WARN_UNUSED_FUNCTION = YES;
				GCC_WARN_UNUSED_VARIABLE = YES;
				IPHONEOS_DEPLOYMENT_TARGET = 9.3;
				MTL_ENABLE_DEBUG_INFO = YES;
				ONLY_ACTIVE_ARCH = YES;
				SDKROOT = iphoneos;
				SWIFT_OPTIMIZATION_LEVEL = "-Onone";
			};
			name = Debug;
		};
		64EBE85B1CC3BD91007C4210 /* Release */ = {
			isa = XCBuildConfiguration;
			buildSettings = {
				ALWAYS_SEARCH_USER_PATHS = NO;
				CLANG_ANALYZER_NONNULL = YES;
				CLANG_CXX_LANGUAGE_STANDARD = "gnu++0x";
				CLANG_CXX_LIBRARY = "libc++";
				CLANG_ENABLE_MODULES = YES;
				CLANG_ENABLE_OBJC_ARC = YES;
				CLANG_WARN_BOOL_CONVERSION = YES;
				CLANG_WARN_CONSTANT_CONVERSION = YES;
				CLANG_WARN_DIRECT_OBJC_ISA_USAGE = YES_ERROR;
				CLANG_WARN_EMPTY_BODY = YES;
				CLANG_WARN_ENUM_CONVERSION = YES;
				CLANG_WARN_INT_CONVERSION = YES;
				CLANG_WARN_OBJC_ROOT_CLASS = YES_ERROR;
				CLANG_WARN_UNREACHABLE_CODE = YES;
				CLANG_WARN__DUPLICATE_METHOD_MATCH = YES;
				"CODE_SIGN_IDENTITY[sdk=iphoneos*]" = "iPhone Developer";
				COPY_PHASE_STRIP = NO;
				DEBUG_INFORMATION_FORMAT = "dwarf-with-dsym";
				ENABLE_NS_ASSERTIONS = NO;
				ENABLE_STRICT_OBJC_MSGSEND = YES;
				GCC_C_LANGUAGE_STANDARD = gnu99;
				GCC_NO_COMMON_BLOCKS = YES;
				GCC_WARN_64_TO_32_BIT_CONVERSION = YES;
				GCC_WARN_ABOUT_RETURN_TYPE = YES_ERROR;
				GCC_WARN_UNDECLARED_SELECTOR = YES;
				GCC_WARN_UNINITIALIZED_AUTOS = YES_AGGRESSIVE;
				GCC_WARN_UNUSED_FUNCTION = YES;
				GCC_WARN_UNUSED_VARIABLE = YES;
				IPHONEOS_DEPLOYMENT_TARGET = 9.3;
				MTL_ENABLE_DEBUG_INFO = NO;
				SDKROOT = iphoneos;
				VALIDATE_PRODUCT = YES;
			};
			name = Release;
		};
		64EBE85D1CC3BD91007C4210 /* Debug */ = {
			isa = XCBuildConfiguration;
			buildSettings = {
				ASSETCATALOG_COMPILER_APPICON_NAME = AppIcon;
				INFOPLIST_FILE = "Cine zApp/Info.plist";
				LD_RUNPATH_SEARCH_PATHS = "$(inherited) @executable_path/Frameworks";
				PRODUCT_BUNDLE_IDENTIFIER = "Edgard-Jammal.Cine-zApp";
				PRODUCT_NAME = "$(TARGET_NAME)";
			};
			name = Debug;
		};
		64EBE85E1CC3BD91007C4210 /* Release */ = {
			isa = XCBuildConfiguration;
			buildSettings = {
				ASSETCATALOG_COMPILER_APPICON_NAME = AppIcon;
				INFOPLIST_FILE = "Cine zApp/Info.plist";
				LD_RUNPATH_SEARCH_PATHS = "$(inherited) @executable_path/Frameworks";
				PRODUCT_BUNDLE_IDENTIFIER = "Edgard-Jammal.Cine-zApp";
				PRODUCT_NAME = "$(TARGET_NAME)";
			};
			name = Release;
		};
/* End XCBuildConfiguration section */

/* Begin XCConfigurationList section */
		64EBE8421CC3BD91007C4210 /* Build configuration list for PBXProject "Cine zApp" */ = {
			isa = XCConfigurationList;
			buildConfigurations = (
				64EBE85A1CC3BD91007C4210 /* Debug */,
				64EBE85B1CC3BD91007C4210 /* Release */,
			);
			defaultConfigurationIsVisible = 0;
			defaultConfigurationName = Release;
		};
		64EBE85C1CC3BD91007C4210 /* Build configuration list for PBXNativeTarget "Cine zApp" */ = {
			isa = XCConfigurationList;
			buildConfigurations = (
				64EBE85D1CC3BD91007C4210 /* Debug */,
				64EBE85E1CC3BD91007C4210 /* Release */,
			);
			defaultConfigurationIsVisible = 0;
		};
/* End XCConfigurationList section */

/* Begin XCVersionGroup section */
		64EBE8511CC3BD91007C4210 /* Cine_zApp.xcdatamodeld */ = {
			isa = XCVersionGroup;
			children = (
				64EBE8521CC3BD91007C4210 /* Cine_zApp.xcdatamodel */,
			);
			currentVersion = 64EBE8521CC3BD91007C4210 /* Cine_zApp.xcdatamodel */;
			path = Cine_zApp.xcdatamodeld;
			sourceTree = "<group>";
			versionGroupType = wrapper.xcdatamodel;
		};
/* End XCVersionGroup section */
	};
	rootObject = 64EBE83F1CC3BD91007C4210 /* Project object */;
}
